
Microsoft Visual Studio Solution File, Format Version 12.00
# Visual Studio Version 16
VisualStudioVersion = 16.0.30804.86
MinimumVisualStudioVersion = 10.0.40219.1
Project("{9A19103F-16F7-4668-BE54-9A1E7A4F7556}") = "ProcessManager.API", "ProcessManager.API\ProcessManager.API.csproj", "{A4C4EEA5-6BA8-4BF8-949C-EB0AFC575D31}"
EndProject
Project("{2150E333-8FDC-42A3-9474-1A3956D46DE8}") = "Core", "Core", "{A501034C-A56B-474E-8C1C-86B8B3D22C76}"
EndProject
Project("{FAE04EC0-301F-11D3-BF4B-00C04F79EFBC}") = "IoC", "Core\IoC\IoC.csproj", "{EB882C79-B2C3-4E7B-90D4-30BF3BF4D2C6}"
EndProject
Global
	GlobalSection(SolutionConfigurationPlatforms) = preSolution
		Debug|Any CPU = Debug|Any CPU
		Release|Any CPU = Release|Any CPU
	EndGlobalSection
	GlobalSection(ProjectConfigurationPlatforms) = postSolution
		{A4C4EEA5-6BA8-4BF8-949C-EB0AFC575D31}.Debug|Any CPU.ActiveCfg = Debug|Any CPU
		{A4C4EEA5-6BA8-4BF8-949C-EB0AFC575D31}.Debug|Any CPU.Build.0 = Debug|Any CPU
		{A4C4EEA5-6BA8-4BF8-949C-EB0AFC575D31}.Release|Any CPU.ActiveCfg = Release|Any CPU
		{A4C4EEA5-6BA8-4BF8-949C-EB0AFC575D31}.Release|Any CPU.Build.0 = Release|Any CPU
		{EB882C79-B2C3-4E7B-90D4-30BF3BF4D2C6}.Debug|Any CPU.ActiveCfg = Debug|Any CPU
		{EB882C79-B2C3-4E7B-90D4-30BF3BF4D2C6}.Debug|Any CPU.Build.0 = Debug|Any CPU
		{EB882C79-B2C3-4E7B-90D4-30BF3BF4D2C6}.Release|Any CPU.ActiveCfg = Release|Any CPU
		{EB882C79-B2C3-4E7B-90D4-30BF3BF4D2C6}.Release|Any CPU.Build.0 = Release|Any CPU
	EndGlobalSection
	GlobalSection(SolutionProperties) = preSolution
		HideSolutionNode = FALSE
	EndGlobalSection
	GlobalSection(NestedProjects) = preSolution
		{EB882C79-B2C3-4E7B-90D4-30BF3BF4D2C6} = {A501034C-A56B-474E-8C1C-86B8B3D22C76}
	EndGlobalSection
	GlobalSection(ExtensibilityGlobals) = postSolution
		SolutionGuid = {E899D0EC-19C7-4FC8-B9A0-AAEFA85DBD80}
	EndGlobalSection
EndGlobal
