
Microsoft Visual Studio Solution File, Format Version 12.00
# Visual Studio Version 16
VisualStudioVersion = 16.0.30804.86
MinimumVisualStudioVersion = 10.0.40219.1
Project("{9A19103F-16F7-4668-BE54-9A1E7A4F7556}") = "ProcessManager.API", "API\ProcessManager.API\ProcessManager.API.csproj", "{A4C4EEA5-6BA8-4BF8-949C-EB0AFC575D31}"
EndProject
Project("{2150E333-8FDC-42A3-9474-1A3956D46DE8}") = "Core", "Core", "{A501034C-A56B-474E-8C1C-86B8B3D22C76}"
EndProject
Project("{9A19103F-16F7-4668-BE54-9A1E7A4F7556}") = "IoC", "Core\IoC\IoC.csproj", "{EB882C79-B2C3-4E7B-90D4-30BF3BF4D2C6}"
EndProject
Project("{9A19103F-16F7-4668-BE54-9A1E7A4F7556}") = "Logger", "Core\Logger\Logger.csproj", "{5B82ACCB-F01E-4F04-9C06-FA3D2F6E542B}"
EndProject
Project("{9A19103F-16F7-4668-BE54-9A1E7A4F7556}") = "DDD", "Core\DDD\DDD.csproj", "{9DCF4004-B3E6-4913-9200-0A8B6C131622}"
EndProject
Project("{9A19103F-16F7-4668-BE54-9A1E7A4F7556}") = "ProcessManager.Domain", "Domain\ProcessManager.Domain\ProcessManager.Domain.csproj", "{30919AD5-2787-42A9-9B9E-C3E3114D2916}"
EndProject
Project("{2150E333-8FDC-42A3-9474-1A3956D46DE8}") = "Domain", "Domain", "{8C266106-EDE7-40E5-B7BE-D5BB77497219}"
EndProject
Project("{2150E333-8FDC-42A3-9474-1A3956D46DE8}") = "Application", "Application", "{89935D6B-8AEA-440E-86C3-A5325FB115A7}"
EndProject
Project("{9A19103F-16F7-4668-BE54-9A1E7A4F7556}") = "ProcessManager.Application", "Application\ProcessManager.Application\ProcessManager.Application.csproj", "{649E26D5-9C4A-4859-9F25-34B8BCA3FEC7}"
EndProject
Project("{9A19103F-16F7-4668-BE54-9A1E7A4F7556}") = "CQRS", "Core\CQRS\CQRS.csproj", "{18422914-ECDF-4CE2-B4A3-38C64661AAD6}"
EndProject
Project("{9A19103F-16F7-4668-BE54-9A1E7A4F7556}") = "NativeObjects.Extensions", "Core\NativeObjects.Extensions\NativeObjects.Extensions.csproj", "{B0895994-6F14-4D29-8161-B714977F2451}"
EndProject
Project("{FAE04EC0-301F-11D3-BF4B-00C04F79EFBC}") = "Patterns", "Core\Patterns\Patterns.csproj", "{905EF59C-D59B-463E-8757-8E5BF4C46570}"
EndProject
Global
	GlobalSection(SolutionConfigurationPlatforms) = preSolution
		Debug|Any CPU = Debug|Any CPU
		Release|Any CPU = Release|Any CPU
	EndGlobalSection
	GlobalSection(ProjectConfigurationPlatforms) = postSolution
		{A4C4EEA5-6BA8-4BF8-949C-EB0AFC575D31}.Debug|Any CPU.ActiveCfg = Debug|Any CPU
		{A4C4EEA5-6BA8-4BF8-949C-EB0AFC575D31}.Debug|Any CPU.Build.0 = Debug|Any CPU
		{A4C4EEA5-6BA8-4BF8-949C-EB0AFC575D31}.Release|Any CPU.ActiveCfg = Release|Any CPU
		{A4C4EEA5-6BA8-4BF8-949C-EB0AFC575D31}.Release|Any CPU.Build.0 = Release|Any CPU
		{EB882C79-B2C3-4E7B-90D4-30BF3BF4D2C6}.Debug|Any CPU.ActiveCfg = Debug|Any CPU
		{EB882C79-B2C3-4E7B-90D4-30BF3BF4D2C6}.Debug|Any CPU.Build.0 = Debug|Any CPU
		{EB882C79-B2C3-4E7B-90D4-30BF3BF4D2C6}.Release|Any CPU.ActiveCfg = Release|Any CPU
		{EB882C79-B2C3-4E7B-90D4-30BF3BF4D2C6}.Release|Any CPU.Build.0 = Release|Any CPU
		{5B82ACCB-F01E-4F04-9C06-FA3D2F6E542B}.Debug|Any CPU.ActiveCfg = Debug|Any CPU
		{5B82ACCB-F01E-4F04-9C06-FA3D2F6E542B}.Debug|Any CPU.Build.0 = Debug|Any CPU
		{5B82ACCB-F01E-4F04-9C06-FA3D2F6E542B}.Release|Any CPU.ActiveCfg = Release|Any CPU
		{5B82ACCB-F01E-4F04-9C06-FA3D2F6E542B}.Release|Any CPU.Build.0 = Release|Any CPU
		{9DCF4004-B3E6-4913-9200-0A8B6C131622}.Debug|Any CPU.ActiveCfg = Debug|Any CPU
		{9DCF4004-B3E6-4913-9200-0A8B6C131622}.Debug|Any CPU.Build.0 = Debug|Any CPU
		{9DCF4004-B3E6-4913-9200-0A8B6C131622}.Release|Any CPU.ActiveCfg = Release|Any CPU
		{9DCF4004-B3E6-4913-9200-0A8B6C131622}.Release|Any CPU.Build.0 = Release|Any CPU
		{30919AD5-2787-42A9-9B9E-C3E3114D2916}.Debug|Any CPU.ActiveCfg = Debug|Any CPU
		{30919AD5-2787-42A9-9B9E-C3E3114D2916}.Debug|Any CPU.Build.0 = Debug|Any CPU
		{30919AD5-2787-42A9-9B9E-C3E3114D2916}.Release|Any CPU.ActiveCfg = Release|Any CPU
		{30919AD5-2787-42A9-9B9E-C3E3114D2916}.Release|Any CPU.Build.0 = Release|Any CPU
		{649E26D5-9C4A-4859-9F25-34B8BCA3FEC7}.Debug|Any CPU.ActiveCfg = Debug|Any CPU
		{649E26D5-9C4A-4859-9F25-34B8BCA3FEC7}.Debug|Any CPU.Build.0 = Debug|Any CPU
		{649E26D5-9C4A-4859-9F25-34B8BCA3FEC7}.Release|Any CPU.ActiveCfg = Release|Any CPU
		{649E26D5-9C4A-4859-9F25-34B8BCA3FEC7}.Release|Any CPU.Build.0 = Release|Any CPU
		{18422914-ECDF-4CE2-B4A3-38C64661AAD6}.Debug|Any CPU.ActiveCfg = Debug|Any CPU
		{18422914-ECDF-4CE2-B4A3-38C64661AAD6}.Debug|Any CPU.Build.0 = Debug|Any CPU
		{18422914-ECDF-4CE2-B4A3-38C64661AAD6}.Release|Any CPU.ActiveCfg = Release|Any CPU
		{18422914-ECDF-4CE2-B4A3-38C64661AAD6}.Release|Any CPU.Build.0 = Release|Any CPU
		{B0895994-6F14-4D29-8161-B714977F2451}.Debug|Any CPU.ActiveCfg = Debug|Any CPU
		{B0895994-6F14-4D29-8161-B714977F2451}.Debug|Any CPU.Build.0 = Debug|Any CPU
		{B0895994-6F14-4D29-8161-B714977F2451}.Release|Any CPU.ActiveCfg = Release|Any CPU
		{B0895994-6F14-4D29-8161-B714977F2451}.Release|Any CPU.Build.0 = Release|Any CPU
		{905EF59C-D59B-463E-8757-8E5BF4C46570}.Debug|Any CPU.ActiveCfg = Debug|Any CPU
		{905EF59C-D59B-463E-8757-8E5BF4C46570}.Debug|Any CPU.Build.0 = Debug|Any CPU
		{905EF59C-D59B-463E-8757-8E5BF4C46570}.Release|Any CPU.ActiveCfg = Release|Any CPU
		{905EF59C-D59B-463E-8757-8E5BF4C46570}.Release|Any CPU.Build.0 = Release|Any CPU
	EndGlobalSection
	GlobalSection(SolutionProperties) = preSolution
		HideSolutionNode = FALSE
	EndGlobalSection
	GlobalSection(NestedProjects) = preSolution
		{EB882C79-B2C3-4E7B-90D4-30BF3BF4D2C6} = {A501034C-A56B-474E-8C1C-86B8B3D22C76}
		{5B82ACCB-F01E-4F04-9C06-FA3D2F6E542B} = {A501034C-A56B-474E-8C1C-86B8B3D22C76}
		{9DCF4004-B3E6-4913-9200-0A8B6C131622} = {A501034C-A56B-474E-8C1C-86B8B3D22C76}
		{30919AD5-2787-42A9-9B9E-C3E3114D2916} = {8C266106-EDE7-40E5-B7BE-D5BB77497219}
		{649E26D5-9C4A-4859-9F25-34B8BCA3FEC7} = {89935D6B-8AEA-440E-86C3-A5325FB115A7}
		{18422914-ECDF-4CE2-B4A3-38C64661AAD6} = {A501034C-A56B-474E-8C1C-86B8B3D22C76}
		{B0895994-6F14-4D29-8161-B714977F2451} = {A501034C-A56B-474E-8C1C-86B8B3D22C76}
		{905EF59C-D59B-463E-8757-8E5BF4C46570} = {A501034C-A56B-474E-8C1C-86B8B3D22C76}
	EndGlobalSection
	GlobalSection(ExtensibilityGlobals) = postSolution
		SolutionGuid = {E899D0EC-19C7-4FC8-B9A0-AAEFA85DBD80}
	EndGlobalSection
EndGlobal
